// !$*UTF8*$!
{
	archiveVersion = 1;
	classes = {
	};
	objectVersion = 56;
	objects = {

/* Begin PBXBuildFile section */
		554DB15F2A5C6165003E97DD /* MovieFanaticApp.swift in Sources */ = {isa = PBXBuildFile; fileRef = 554DB15E2A5C6165003E97DD /* MovieFanaticApp.swift */; };
		554DB1612A5C6165003E97DD /* ContentView.swift in Sources */ = {isa = PBXBuildFile; fileRef = 554DB1602A5C6165003E97DD /* ContentView.swift */; };
		554DB1632A5C6169003E97DD /* Assets.xcassets in Resources */ = {isa = PBXBuildFile; fileRef = 554DB1622A5C6169003E97DD /* Assets.xcassets */; };
		554DB1662A5C6169003E97DD /* Preview Assets.xcassets in Resources */ = {isa = PBXBuildFile; fileRef = 554DB1652A5C6169003E97DD /* Preview Assets.xcassets */; };
		554DB1702A5C6169003E97DD /* MovieFanaticTests.swift in Sources */ = {isa = PBXBuildFile; fileRef = 554DB16F2A5C6169003E97DD /* MovieFanaticTests.swift */; };
		554DB17A2A5C6169003E97DD /* MovieFanaticUITests.swift in Sources */ = {isa = PBXBuildFile; fileRef = 554DB1792A5C6169003E97DD /* MovieFanaticUITests.swift */; };
		554DB17C2A5C6169003E97DD /* MovieFanaticUITestsLaunchTests.swift in Sources */ = {isa = PBXBuildFile; fileRef = 554DB17B2A5C6169003E97DD /* MovieFanaticUITestsLaunchTests.swift */; };
/* End PBXBuildFile section */

/* Begin PBXContainerItemProxy section */
		554DB16C2A5C6169003E97DD /* PBXContainerItemProxy */ = {
			isa = PBXContainerItemProxy;
			containerPortal = 554DB1532A5C6165003E97DD /* Project object */;
			proxyType = 1;
			remoteGlobalIDString = 554DB15A2A5C6165003E97DD;
			remoteInfo = MovieFanatic;
		};
		554DB1762A5C6169003E97DD /* PBXContainerItemProxy */ = {
			isa = PBXContainerItemProxy;
			containerPortal = 554DB1532A5C6165003E97DD /* Project object */;
			proxyType = 1;
			remoteGlobalIDString = 554DB15A2A5C6165003E97DD;
			remoteInfo = MovieFanatic;
		};
/* End PBXContainerItemProxy section */

/* Begin PBXFileReference section */
		554DB15B2A5C6165003E97DD /* MovieFanatic.app */ = {isa = PBXFileReference; explicitFileType = wrapper.application; includeInIndex = 0; path = MovieFanatic.app; sourceTree = BUILT_PRODUCTS_DIR; };
		554DB15E2A5C6165003E97DD /* MovieFanaticApp.swift */ = {isa = PBXFileReference; lastKnownFileType = sourcecode.swift; path = MovieFanaticApp.swift; sourceTree = "<group>"; };
		554DB1602A5C6165003E97DD /* ContentView.swift */ = {isa = PBXFileReference; lastKnownFileType = sourcecode.swift; path = ContentView.swift; sourceTree = "<group>"; };
		554DB1622A5C6169003E97DD /* Assets.xcassets */ = {isa = PBXFileReference; lastKnownFileType = folder.assetcatalog; path = Assets.xcassets; sourceTree = "<group>"; };
		554DB1652A5C6169003E97DD /* Preview Assets.xcassets */ = {isa = PBXFileReference; lastKnownFileType = folder.assetcatalog; path = "Preview Assets.xcassets"; sourceTree = "<group>"; };
		554DB16B2A5C6169003E97DD /* MovieFanaticTests.xctest */ = {isa = PBXFileReference; explicitFileType = wrapper.cfbundle; includeInIndex = 0; path = MovieFanaticTests.xctest; sourceTree = BUILT_PRODUCTS_DIR; };
		554DB16F2A5C6169003E97DD /* MovieFanaticTests.swift */ = {isa = PBXFileReference; lastKnownFileType = sourcecode.swift; path = MovieFanaticTests.swift; sourceTree = "<group>"; };
		554DB1752A5C6169003E97DD /* MovieFanaticUITests.xctest */ = {isa = PBXFileReference; explicitFileType = wrapper.cfbundle; includeInIndex = 0; path = MovieFanaticUITests.xctest; sourceTree = BUILT_PRODUCTS_DIR; };
		554DB1792A5C6169003E97DD /* MovieFanaticUITests.swift */ = {isa = PBXFileReference; lastKnownFileType = sourcecode.swift; path = MovieFanaticUITests.swift; sourceTree = "<group>"; };
		554DB17B2A5C6169003E97DD /* MovieFanaticUITestsLaunchTests.swift */ = {isa = PBXFileReference; lastKnownFileType = sourcecode.swift; path = MovieFanaticUITestsLaunchTests.swift; sourceTree = "<group>"; };
/* End PBXFileReference section */

/* Begin PBXFrameworksBuildPhase section */
		554DB1582A5C6165003E97DD /* Frameworks */ = {
			isa = PBXFrameworksBuildPhase;
			buildActionMask = 2147483647;
			files = (
			);
			runOnlyForDeploymentPostprocessing = 0;
		};
		554DB1682A5C6169003E97DD /* Frameworks */ = {
			isa = PBXFrameworksBuildPhase;
			buildActionMask = 2147483647;
			files = (
			);
			runOnlyForDeploymentPostprocessing = 0;
		};
		554DB1722A5C6169003E97DD /* Frameworks */ = {
			isa = PBXFrameworksBuildPhase;
			buildActionMask = 2147483647;
			files = (
			);
			runOnlyForDeploymentPostprocessing = 0;
		};
/* End PBXFrameworksBuildPhase section */

/* Begin PBXGroup section */
		554DB1522A5C6165003E97DD = {
			isa = PBXGroup;
			children = (
				554DB15D2A5C6165003E97DD /* MovieFanatic */,
				554DB16E2A5C6169003E97DD /* MovieFanaticTests */,
				554DB1782A5C6169003E97DD /* MovieFanaticUITests */,
				554DB15C2A5C6165003E97DD /* Products */,
			);
			sourceTree = "<group>";
		};
		554DB15C2A5C6165003E97DD /* Products */ = {
			isa = PBXGroup;
			children = (
				554DB15B2A5C6165003E97DD /* MovieFanatic.app */,
				554DB16B2A5C6169003E97DD /* MovieFanaticTests.xctest */,
				554DB1752A5C6169003E97DD /* MovieFanaticUITests.xctest */,
			);
			name = Products;
			sourceTree = "<group>";
		};
		554DB15D2A5C6165003E97DD /* MovieFanatic */ = {
			isa = PBXGroup;
			children = (
				554DB15E2A5C6165003E97DD /* MovieFanaticApp.swift */,
				554DB1602A5C6165003E97DD /* ContentView.swift */,
				554DB1622A5C6169003E97DD /* Assets.xcassets */,
				554DB1642A5C6169003E97DD /* Preview Content */,
			);
			path = MovieFanatic;
			sourceTree = "<group>";
		};
		554DB1642A5C6169003E97DD /* Preview Content */ = {
			isa = PBXGroup;
			children = (
				554DB1652A5C6169003E97DD /* Preview Assets.xcassets */,
			);
			path = "Preview Content";
			sourceTree = "<group>";
		};
		554DB16E2A5C6169003E97DD /* MovieFanaticTests */ = {
			isa = PBXGroup;
			children = (
				554DB16F2A5C6169003E97DD /* MovieFanaticTests.swift */,
			);
			path = MovieFanaticTests;
			sourceTree = "<group>";
		};
		554DB1782A5C6169003E97DD /* MovieFanaticUITests */ = {
			isa = PBXGroup;
			children = (
				554DB1792A5C6169003E97DD /* MovieFanaticUITests.swift */,
				554DB17B2A5C6169003E97DD /* MovieFanaticUITestsLaunchTests.swift */,
			);
			path = MovieFanaticUITests;
			sourceTree = "<group>";
		};
/* End PBXGroup section */

/* Begin PBXNativeTarget section */
		554DB15A2A5C6165003E97DD /* MovieFanatic */ = {
			isa = PBXNativeTarget;
			buildConfigurationList = 554DB17F2A5C6169003E97DD /* Build configuration list for PBXNativeTarget "MovieFanatic" */;
			buildPhases = (
				554DB1572A5C6165003E97DD /* Sources */,
				554DB1582A5C6165003E97DD /* Frameworks */,
				554DB1592A5C6165003E97DD /* Resources */,
			);
			buildRules = (
			);
			dependencies = (
			);
			name = MovieFanatic;
			productName = MovieFanatic;
			productReference = 554DB15B2A5C6165003E97DD /* MovieFanatic.app */;
			productType = "com.apple.product-type.application";
		};
		554DB16A2A5C6169003E97DD /* MovieFanaticTests */ = {
			isa = PBXNativeTarget;
			buildConfigurationList = 554DB1822A5C6169003E97DD /* Build configuration list for PBXNativeTarget "MovieFanaticTests" */;
			buildPhases = (
				554DB1672A5C6169003E97DD /* Sources */,
				554DB1682A5C6169003E97DD /* Frameworks */,
				554DB1692A5C6169003E97DD /* Resources */,
			);
			buildRules = (
			);
			dependencies = (
				554DB16D2A5C6169003E97DD /* PBXTargetDependency */,
			);
			name = MovieFanaticTests;
			productName = MovieFanaticTests;
			productReference = 554DB16B2A5C6169003E97DD /* MovieFanaticTests.xctest */;
			productType = "com.apple.product-type.bundle.unit-test";
		};
		554DB1742A5C6169003E97DD /* MovieFanaticUITests */ = {
			isa = PBXNativeTarget;
			buildConfigurationList = 554DB1852A5C6169003E97DD /* Build configuration list for PBXNativeTarget "MovieFanaticUITests" */;
			buildPhases = (
				554DB1712A5C6169003E97DD /* Sources */,
				554DB1722A5C6169003E97DD /* Frameworks */,
				554DB1732A5C6169003E97DD /* Resources */,
			);
			buildRules = (
			);
			dependencies = (
				554DB1772A5C6169003E97DD /* PBXTargetDependency */,
			);
			name = MovieFanaticUITests;
			productName = MovieFanaticUITests;
			productReference = 554DB1752A5C6169003E97DD /* MovieFanaticUITests.xctest */;
			productType = "com.apple.product-type.bundle.ui-testing";
		};
/* End PBXNativeTarget section */

/* Begin PBXProject section */
		554DB1532A5C6165003E97DD /* Project object */ = {
			isa = PBXProject;
			attributes = {
				BuildIndependentTargetsInParallel = 1;
				LastSwiftUpdateCheck = 1500;
				LastUpgradeCheck = 1500;
				TargetAttributes = {
					554DB15A2A5C6165003E97DD = {
						CreatedOnToolsVersion = 15.0;
					};
					554DB16A2A5C6169003E97DD = {
						CreatedOnToolsVersion = 15.0;
						TestTargetID = 554DB15A2A5C6165003E97DD;
					};
					554DB1742A5C6169003E97DD = {
						CreatedOnToolsVersion = 15.0;
						TestTargetID = 554DB15A2A5C6165003E97DD;
					};
				};
			};
			buildConfigurationList = 554DB1562A5C6165003E97DD /* Build configuration list for PBXProject "MovieFanatic" */;
			compatibilityVersion = "Xcode 14.0";
			developmentRegion = en;
			hasScannedForEncodings = 0;
			knownRegions = (
				en,
				Base,
			);
			mainGroup = 554DB1522A5C6165003E97DD;
			productRefGroup = 554DB15C2A5C6165003E97DD /* Products */;
			projectDirPath = "";
			projectRoot = "";
			targets = (
				554DB15A2A5C6165003E97DD /* MovieFanatic */,
				554DB16A2A5C6169003E97DD /* MovieFanaticTests */,
				554DB1742A5C6169003E97DD /* MovieFanaticUITests */,
			);
		};
/* End PBXProject section */

/* Begin PBXResourcesBuildPhase section */
		554DB1592A5C6165003E97DD /* Resources */ = {
			isa = PBXResourcesBuildPhase;
			buildActionMask = 2147483647;
			files = (
				554DB1662A5C6169003E97DD /* Preview Assets.xcassets in Resources */,
				554DB1632A5C6169003E97DD /* Assets.xcassets in Resources */,
			);
			runOnlyForDeploymentPostprocessing = 0;
		};
		554DB1692A5C6169003E97DD /* Resources */ = {
			isa = PBXResourcesBuildPhase;
			buildActionMask = 2147483647;
			files = (
			);
			runOnlyForDeploymentPostprocessing = 0;
		};
		554DB1732A5C6169003E97DD /* Resources */ = {
			isa = PBXResourcesBuildPhase;
			buildActionMask = 2147483647;
			files = (
			);
			runOnlyForDeploymentPostprocessing = 0;
		};
/* End PBXResourcesBuildPhase section */

/* Begin PBXSourcesBuildPhase section */
		554DB1572A5C6165003E97DD /* Sources */ = {
			isa = PBXSourcesBuildPhase;
			buildActionMask = 2147483647;
			files = (
				554DB1612A5C6165003E97DD /* ContentView.swift in Sources */,
				554DB15F2A5C6165003E97DD /* MovieFanaticApp.swift in Sources */,
			);
			runOnlyForDeploymentPostprocessing = 0;
		};
		554DB1672A5C6169003E97DD /* Sources */ = {
			isa = PBXSourcesBuildPhase;
			buildActionMask = 2147483647;
			files = (
				554DB1702A5C6169003E97DD /* MovieFanaticTests.swift in Sources */,
			);
			runOnlyForDeploymentPostprocessing = 0;
		};
		554DB1712A5C6169003E97DD /* Sources */ = {
			isa = PBXSourcesBuildPhase;
			buildActionMask = 2147483647;
			files = (
				554DB17C2A5C6169003E97DD /* MovieFanaticUITestsLaunchTests.swift in Sources */,
				554DB17A2A5C6169003E97DD /* MovieFanaticUITests.swift in Sources */,
			);
			runOnlyForDeploymentPostprocessing = 0;
		};
/* End PBXSourcesBuildPhase section */

/* Begin PBXTargetDependency section */
		554DB16D2A5C6169003E97DD /* PBXTargetDependency */ = {
			isa = PBXTargetDependency;
			target = 554DB15A2A5C6165003E97DD /* MovieFanatic */;
			targetProxy = 554DB16C2A5C6169003E97DD /* PBXContainerItemProxy */;
		};
		554DB1772A5C6169003E97DD /* PBXTargetDependency */ = {
			isa = PBXTargetDependency;
			target = 554DB15A2A5C6165003E97DD /* MovieFanatic */;
			targetProxy = 554DB1762A5C6169003E97DD /* PBXContainerItemProxy */;
		};
/* End PBXTargetDependency section */

/* Begin XCBuildConfiguration section */
		554DB17D2A5C6169003E97DD /* Debug */ = {
			isa = XCBuildConfiguration;
			buildSettings = {
				ALWAYS_SEARCH_USER_PATHS = NO;
				ASSETCATALOG_COMPILER_GENERATE_SWIFT_ASSET_SYMBOL_EXTENSIONS = YES;
				CLANG_ANALYZER_NONNULL = YES;
				CLANG_ANALYZER_NUMBER_OBJECT_CONVERSION = YES_AGGRESSIVE;
				CLANG_CXX_LANGUAGE_STANDARD = "gnu++20";
				CLANG_ENABLE_MODULES = YES;
				CLANG_ENABLE_OBJC_ARC = YES;
				CLANG_ENABLE_OBJC_WEAK = YES;
				CLANG_WARN_BLOCK_CAPTURE_AUTORELEASING = YES;
				CLANG_WARN_BOOL_CONVERSION = YES;
				CLANG_WARN_COMMA = YES;
				CLANG_WARN_CONSTANT_CONVERSION = YES;
				CLANG_WARN_DEPRECATED_OBJC_IMPLEMENTATIONS = YES;
				CLANG_WARN_DIRECT_OBJC_ISA_USAGE = YES_ERROR;
				CLANG_WARN_DOCUMENTATION_COMMENTS = YES;
				CLANG_WARN_EMPTY_BODY = YES;
				CLANG_WARN_ENUM_CONVERSION = YES;
				CLANG_WARN_INFINITE_RECURSION = YES;
				CLANG_WARN_INT_CONVERSION = YES;
				CLANG_WARN_NON_LITERAL_NULL_CONVERSION = YES;
				CLANG_WARN_OBJC_IMPLICIT_RETAIN_SELF = YES;
				CLANG_WARN_OBJC_LITERAL_CONVERSION = YES;
				CLANG_WARN_OBJC_ROOT_CLASS = YES_ERROR;
				CLANG_WARN_QUOTED_INCLUDE_IN_FRAMEWORK_HEADER = YES;
				CLANG_WARN_RANGE_LOOP_ANALYSIS = YES;
				CLANG_WARN_STRICT_PROTOTYPES = YES;
				CLANG_WARN_SUSPICIOUS_MOVE = YES;
				CLANG_WARN_UNGUARDED_AVAILABILITY = YES_AGGRESSIVE;
				CLANG_WARN_UNREACHABLE_CODE = YES;
				CLANG_WARN__DUPLICATE_METHOD_MATCH = YES;
				COPY_PHASE_STRIP = NO;
				DEBUG_INFORMATION_FORMAT = dwarf;
				ENABLE_STRICT_OBJC_MSGSEND = YES;
				ENABLE_TESTABILITY = YES;
				ENABLE_USER_SCRIPT_SANDBOXING = YES;
				GCC_C_LANGUAGE_STANDARD = gnu17;
				GCC_DYNAMIC_NO_PIC = NO;
				GCC_NO_COMMON_BLOCKS = YES;
				GCC_OPTIMIZATION_LEVEL = 0;
				GCC_PREPROCESSOR_DEFINITIONS = (
					"DEBUG=1",
					"$(inherited)",
				);
				GCC_WARN_64_TO_32_BIT_CONVERSION = YES;
				GCC_WARN_ABOUT_RETURN_TYPE = YES_ERROR;
				GCC_WARN_UNDECLARED_SELECTOR = YES;
				GCC_WARN_UNINITIALIZED_AUTOS = YES_AGGRESSIVE;
				GCC_WARN_UNUSED_FUNCTION = YES;
				GCC_WARN_UNUSED_VARIABLE = YES;
				IPHONEOS_DEPLOYMENT_TARGET = 17.0;
				LOCALIZATION_PREFERS_STRING_CATALOGS = YES;
				MTL_ENABLE_DEBUG_INFO = INCLUDE_SOURCE;
				MTL_FAST_MATH = YES;
				ONLY_ACTIVE_ARCH = YES;
				SDKROOT = iphoneos;
				SWIFT_ACTIVE_COMPILATION_CONDITIONS = "DEBUG $(inherited)";
				SWIFT_OPTIMIZATION_LEVEL = "-Onone";
			};
			name = Debug;
		};
		554DB17E2A5C6169003E97DD /* Release */ = {
			isa = XCBuildConfiguration;
			buildSettings = {
				ALWAYS_SEARCH_USER_PATHS = NO;
				ASSETCATALOG_COMPILER_GENERATE_SWIFT_ASSET_SYMBOL_EXTENSIONS = YES;
				CLANG_ANALYZER_NONNULL = YES;
				CLANG_ANALYZER_NUMBER_OBJECT_CONVERSION = YES_AGGRESSIVE;
				CLANG_CXX_LANGUAGE_STANDARD = "gnu++20";
				CLANG_ENABLE_MODULES = YES;
				CLANG_ENABLE_OBJC_ARC = YES;
				CLANG_ENABLE_OBJC_WEAK = YES;
				CLANG_WARN_BLOCK_CAPTURE_AUTORELEASING = YES;
				CLANG_WARN_BOOL_CONVERSION = YES;
				CLANG_WARN_COMMA = YES;
				CLANG_WARN_CONSTANT_CONVERSION = YES;
				CLANG_WARN_DEPRECATED_OBJC_IMPLEMENTATIONS = YES;
				CLANG_WARN_DIRECT_OBJC_ISA_USAGE = YES_ERROR;
				CLANG_WARN_DOCUMENTATION_COMMENTS = YES;
				CLANG_WARN_EMPTY_BODY = YES;
				CLANG_WARN_ENUM_CONVERSION = YES;
				CLANG_WARN_INFINITE_RECURSION = YES;
				CLANG_WARN_INT_CONVERSION = YES;
				CLANG_WARN_NON_LITERAL_NULL_CONVERSION = YES;
				CLANG_WARN_OBJC_IMPLICIT_RETAIN_SELF = YES;
				CLANG_WARN_OBJC_LITERAL_CONVERSION = YES;
				CLANG_WARN_OBJC_ROOT_CLASS = YES_ERROR;
				CLANG_WARN_QUOTED_INCLUDE_IN_FRAMEWORK_HEADER = YES;
				CLANG_WARN_RANGE_LOOP_ANALYSIS = YES;
				CLANG_WARN_STRICT_PROTOTYPES = YES;
				CLANG_WARN_SUSPICIOUS_MOVE = YES;
				CLANG_WARN_UNGUARDED_AVAILABILITY = YES_AGGRESSIVE;
				CLANG_WARN_UNREACHABLE_CODE = YES;
				CLANG_WARN__DUPLICATE_METHOD_MATCH = YES;
				COPY_PHASE_STRIP = NO;
				DEBUG_INFORMATION_FORMAT = "dwarf-with-dsym";
				ENABLE_NS_ASSERTIONS = NO;
				ENABLE_STRICT_OBJC_MSGSEND = YES;
				ENABLE_USER_SCRIPT_SANDBOXING = YES;
				GCC_C_LANGUAGE_STANDARD = gnu17;
				GCC_NO_COMMON_BLOCKS = YES;
				GCC_WARN_64_TO_32_BIT_CONVERSION = YES;
				GCC_WARN_ABOUT_RETURN_TYPE = YES_ERROR;
				GCC_WARN_UNDECLARED_SELECTOR = YES;
				GCC_WARN_UNINITIALIZED_AUTOS = YES_AGGRESSIVE;
				GCC_WARN_UNUSED_FUNCTION = YES;
				GCC_WARN_UNUSED_VARIABLE = YES;
				IPHONEOS_DEPLOYMENT_TARGET = 17.0;
				LOCALIZATION_PREFERS_STRING_CATALOGS = YES;
				MTL_ENABLE_DEBUG_INFO = NO;
				MTL_FAST_MATH = YES;
				SDKROOT = iphoneos;
				SWIFT_COMPILATION_MODE = wholemodule;
				VALIDATE_PRODUCT = YES;
			};
			name = Release;
		};
		554DB1802A5C6169003E97DD /* Debug */ = {
			isa = XCBuildConfiguration;
			buildSettings = {
				ASSETCATALOG_COMPILER_APPICON_NAME = AppIcon;
				ASSETCATALOG_COMPILER_GLOBAL_ACCENT_COLOR_NAME = AccentColor;
				CODE_SIGN_STYLE = Automatic;
				CURRENT_PROJECT_VERSION = 1;
				DEVELOPMENT_ASSET_PATHS = "\"MovieFanatic/Preview Content\"";
				DEVELOPMENT_TEAM = XP526KACV7;
				ENABLE_PREVIEWS = YES;
				GENERATE_INFOPLIST_FILE = YES;
				INFOPLIST_KEY_UIApplicationSceneManifest_Generation = YES;
				INFOPLIST_KEY_UIApplicationSupportsIndirectInputEvents = YES;
				INFOPLIST_KEY_UILaunchScreen_Generation = YES;
				INFOPLIST_KEY_UISupportedInterfaceOrientations_iPad = "UIInterfaceOrientationPortrait UIInterfaceOrientationPortraitUpsideDown UIInterfaceOrientationLandscapeLeft UIInterfaceOrientationLandscapeRight";
				INFOPLIST_KEY_UISupportedInterfaceOrientations_iPhone = "UIInterfaceOrientationPortrait UIInterfaceOrientationLandscapeLeft UIInterfaceOrientationLandscapeRight";
				LD_RUNPATH_SEARCH_PATHS = (
					"$(inherited)",
					"@executable_path/Frameworks",
				);
				MARKETING_VERSION = 1.0;
				PRODUCT_BUNDLE_IDENTIFIER = xc.MovieFanatic;
				PRODUCT_NAME = "$(TARGET_NAME)";
				SWIFT_EMIT_LOC_STRINGS = YES;
				SWIFT_VERSION = 5.0;
				TARGETED_DEVICE_FAMILY = "1,2";
			};
			name = Debug;
		};
		554DB1812A5C6169003E97DD /* Release */ = {
			isa = XCBuildConfiguration;
			buildSettings = {
				ASSETCATALOG_COMPILER_APPICON_NAME = AppIcon;
				ASSETCATALOG_COMPILER_GLOBAL_ACCENT_COLOR_NAME = AccentColor;
				CODE_SIGN_STYLE = Automatic;
				CURRENT_PROJECT_VERSION = 1;
				DEVELOPMENT_ASSET_PATHS = "\"MovieFanatic/Preview Content\"";
				DEVELOPMENT_TEAM = XP526KACV7;
				ENABLE_PREVIEWS = YES;
				GENERATE_INFOPLIST_FILE = YES;
				INFOPLIST_KEY_UIApplicationSceneManifest_Generation = YES;
				INFOPLIST_KEY_UIApplicationSupportsIndirectInputEvents = YES;
				INFOPLIST_KEY_UILaunchScreen_Generation = YES;
				INFOPLIST_KEY_UISupportedInterfaceOrientations_iPad = "UIInterfaceOrientationPortrait UIInterfaceOrientationPortraitUpsideDown UIInterfaceOrientationLandscapeLeft UIInterfaceOrientationLandscapeRight";
				INFOPLIST_KEY_UISupportedInterfaceOrientations_iPhone = "UIInterfaceOrientationPortrait UIInterfaceOrientationLandscapeLeft UIInterfaceOrientationLandscapeRight";
				LD_RUNPATH_SEARCH_PATHS = (
					"$(inherited)",
					"@executable_path/Frameworks",
				);
				MARKETING_VERSION = 1.0;
				PRODUCT_BUNDLE_IDENTIFIER = xc.MovieFanatic;
				PRODUCT_NAME = "$(TARGET_NAME)";
				SWIFT_EMIT_LOC_STRINGS = YES;
				SWIFT_VERSION = 5.0;
				TARGETED_DEVICE_FAMILY = "1,2";
			};
			name = Release;
		};
		554DB1832A5C6169003E97DD /* Debug */ = {
			isa = XCBuildConfiguration;
			buildSettings = {
				ALWAYS_EMBED_SWIFT_STANDARD_LIBRARIES = YES;
				BUNDLE_LOADER = "$(TEST_HOST)";
				CODE_SIGN_STYLE = Automatic;
				CURRENT_PROJECT_VERSION = 1;
				DEVELOPMENT_TEAM = XP526KACV7;
				GENERATE_INFOPLIST_FILE = YES;
				IPHONEOS_DEPLOYMENT_TARGET = 17.0;
				MARKETING_VERSION = 1.0;
				PRODUCT_BUNDLE_IDENTIFIER = xc.MovieFanaticTests;
				PRODUCT_NAME = "$(TARGET_NAME)";
				SWIFT_EMIT_LOC_STRINGS = NO;
				SWIFT_VERSION = 5.0;
				TARGETED_DEVICE_FAMILY = "1,2";
				TEST_HOST = "$(BUILT_PRODUCTS_DIR)/MovieFanatic.app/$(BUNDLE_EXECUTABLE_FOLDER_PATH)/MovieFanatic";
			};
			name = Debug;
		};
		554DB1842A5C6169003E97DD /* Release */ = {
			isa = XCBuildConfiguration;
			buildSettings = {
				ALWAYS_EMBED_SWIFT_STANDARD_LIBRARIES = YES;
				BUNDLE_LOADER = "$(TEST_HOST)";
				CODE_SIGN_STYLE = Automatic;
				CURRENT_PROJECT_VERSION = 1;
				DEVELOPMENT_TEAM = XP526KACV7;
				GENERATE_INFOPLIST_FILE = YES;
				IPHONEOS_DEPLOYMENT_TARGET = 17.0;
				MARKETING_VERSION = 1.0;
				PRODUCT_BUNDLE_IDENTIFIER = xc.MovieFanaticTests;
				PRODUCT_NAME = "$(TARGET_NAME)";
				SWIFT_EMIT_LOC_STRINGS = NO;
				SWIFT_VERSION = 5.0;
				TARGETED_DEVICE_FAMILY = "1,2";
				TEST_HOST = "$(BUILT_PRODUCTS_DIR)/MovieFanatic.app/$(BUNDLE_EXECUTABLE_FOLDER_PATH)/MovieFanatic";
			};
			name = Release;
		};
		554DB1862A5C6169003E97DD /* Debug */ = {
			isa = XCBuildConfiguration;
			buildSettings = {
				ALWAYS_EMBED_SWIFT_STANDARD_LIBRARIES = YES;
				CODE_SIGN_STYLE = Automatic;
				CURRENT_PROJECT_VERSION = 1;
				DEVELOPMENT_TEAM = XP526KACV7;
				GENERATE_INFOPLIST_FILE = YES;
				MARKETING_VERSION = 1.0;
				PRODUCT_BUNDLE_IDENTIFIER = xc.MovieFanaticUITests;
				PRODUCT_NAME = "$(TARGET_NAME)";
				SWIFT_EMIT_LOC_STRINGS = NO;
				SWIFT_VERSION = 5.0;
				TARGETED_DEVICE_FAMILY = "1,2";
				TEST_TARGET_NAME = MovieFanatic;
			};
			name = Debug;
		};
		554DB1872A5C6169003E97DD /* Release */ = {
			isa = XCBuildConfiguration;
			buildSettings = {
				ALWAYS_EMBED_SWIFT_STANDARD_LIBRARIES = YES;
				CODE_SIGN_STYLE = Automatic;
				CURRENT_PROJECT_VERSION = 1;
				DEVELOPMENT_TEAM = XP526KACV7;
				GENERATE_INFOPLIST_FILE = YES;
				MARKETING_VERSION = 1.0;
				PRODUCT_BUNDLE_IDENTIFIER = xc.MovieFanaticUITests;
				PRODUCT_NAME = "$(TARGET_NAME)";
				SWIFT_EMIT_LOC_STRINGS = NO;
				SWIFT_VERSION = 5.0;
				TARGETED_DEVICE_FAMILY = "1,2";
				TEST_TARGET_NAME = MovieFanatic;
			};
			name = Release;
		};
/* End XCBuildConfiguration section */

/* Begin XCConfigurationList section */
		554DB1562A5C6165003E97DD /* Build configuration list for PBXProject "MovieFanatic" */ = {
			isa = XCConfigurationList;
			buildConfigurations = (
				554DB17D2A5C6169003E97DD /* Debug */,
				554DB17E2A5C6169003E97DD /* Release */,
			);
			defaultConfigurationIsVisible = 0;
			defaultConfigurationName = Release;
		};
		554DB17F2A5C6169003E97DD /* Build configuration list for PBXNativeTarget "MovieFanatic" */ = {
			isa = XCConfigurationList;
			buildConfigurations = (
				554DB1802A5C6169003E97DD /* Debug */,
				554DB1812A5C6169003E97DD /* Release */,
			);
			defaultConfigurationIsVisible = 0;
			defaultConfigurationName = Release;
		};
		554DB1822A5C6169003E97DD /* Build configuration list for PBXNativeTarget "MovieFanaticTests" */ = {
			isa = XCConfigurationList;
			buildConfigurations = (
				554DB1832A5C6169003E97DD /* Debug */,
				554DB1842A5C6169003E97DD /* Release */,
			);
			defaultConfigurationIsVisible = 0;
			defaultConfigurationName = Release;
		};
		554DB1852A5C6169003E97DD /* Build configuration list for PBXNativeTarget "MovieFanaticUITests" */ = {
			isa = XCConfigurationList;
			buildConfigurations = (
				554DB1862A5C6169003E97DD /* Debug */,
				554DB1872A5C6169003E97DD /* Release */,
			);
			defaultConfigurationIsVisible = 0;
			defaultConfigurationName = Release;
		};
/* End XCConfigurationList section */
	};
	rootObject = 554DB1532A5C6165003E97DD /* Project object */;
}
